
Microsoft Visual Studio Solution File, Format Version 12.00
# Visual Studio Version 16
VisualStudioVersion = 16.0.28803.156
MinimumVisualStudioVersion = 10.0.40219.1
Project("{8BC9CEB8-8B4A-11D0-8D11-00A0C91BC942}") = "fecpp", "fecpp.vcxproj", "{BC605114-0144-4E9C-9E85-7B546B55BE7B}"
EndProject
Global
	GlobalSection(SolutionConfigurationPlatforms) = preSolution
		Debug|x64 = Debug|x64
		Debug|x86 = Debug|x86
		Release|x64 = Release|x64
		Release|x86 = Release|x86
	EndGlobalSection
	GlobalSection(ProjectConfigurationPlatforms) = postSolution
		{BC605114-0144-4E9C-9E85-7B546B55BE7B}.Debug|x64.ActiveCfg = Debug|x64
		{BC605114-0144-4E9C-9E85-7B546B55BE7B}.Debug|x64.Build.0 = Debug|x64
		{BC605114-0144-4E9C-9E85-7B546B55BE7B}.Debug|x86.ActiveCfg = Debug|Win32
		{BC605114-0144-4E9C-9E85-7B546B55BE7B}.Debug|x86.Build.0 = Debug|Win32
		{BC605114-0144-4E9C-9E85-7B546B55BE7B}.Release|x64.ActiveCfg = Release|x64
		{BC605114-0144-4E9C-9E85-7B546B55BE7B}.Release|x64.Build.0 = Release|x64
		{BC605114-0144-4E9C-9E85-7B546B55BE7B}.Release|x86.ActiveCfg = Release|Win32
		{BC605114-0144-4E9C-9E85-7B546B55BE7B}.Release|x86.Build.0 = Release|Win32
	EndGlobalSection
	GlobalSection(SolutionProperties) = preSolution
		HideSolutionNode = FALSE
	EndGlobalSection
	GlobalSection(ExtensibilityGlobals) = postSolution
		SolutionGuid = {6161D09B-F4C5-4282-866B-578FEE6E81F9}
	EndGlobalSection
EndGlobal
